
Microsoft Visual Studio Solution File, Format Version 12.00
# Visual Studio 2015
Project("{FAE04EC0-301F-11D3-BF4B-00C04F79EFBC}") = "FairyTale_Mobile", "FairyTale_Mobile.csproj", "{57270A1C-194E-F980-04C9-F10BDC5916D3}"
EndProject
Global
	GlobalSection(SolutionConfigurationPlatforms) = preSolution
		Debug|Any CPU = Debug|Any CPU
		Release|Any CPU = Release|Any CPU
	EndGlobalSection
	GlobalSection(ProjectConfigurationPlatforms) = postSolution
		{57270A1C-194E-F980-04C9-F10BDC5916D3}.Debug|Any CPU.ActiveCfg = Debug|Any CPU
		{57270A1C-194E-F980-04C9-F10BDC5916D3}.Debug|Any CPU.Build.0 = Debug|Any CPU
		{57270A1C-194E-F980-04C9-F10BDC5916D3}.Release|Any CPU.ActiveCfg = Release|Any CPU
		{57270A1C-194E-F980-04C9-F10BDC5916D3}.Release|Any CPU.Build.0 = Release|Any CPU
	EndGlobalSection
	GlobalSection(SolutionProperties) = preSolution
		HideSolutionNode = FALSE
	EndGlobalSection
EndGlobal
